
Microsoft Visual Studio Solution File, Format Version 12.00
# Visual Studio Version 17
VisualStudioVersion = 17.8.34309.116
MinimumVisualStudioVersion = 10.0.40219.1
Project("{2150E333-8FDC-42A3-9474-1A3956D46DE8}") = "Examples", "Examples", "{1AC39ACF-C5F1-4AE4-B4A2-A3CBDAC8B66C}"
EndProject
Project("{2150E333-8FDC-42A3-9474-1A3956D46DE8}") = "Libs", "Libs", "{16999F06-D4E3-421B-ACAC-FF0285EA14C4}"
EndProject
Project("{9A19103F-16F7-4668-BE54-9A1E7A4F7556}") = "SoloX.BlazorLayout", "src\libs\SoloX.BlazorLayout\SoloX.BlazorLayout.csproj", "{C350D493-D7F2-4521-A309-B318617304BF}"
EndProject
Project("{9A19103F-16F7-4668-BE54-9A1E7A4F7556}") = "SoloX.BlazorLayout.Examples.WithMatBlazor", "src\examples\SoloX.BlazorLayout.Examples.WithMatBlazor\SoloX.BlazorLayout.Examples.WithMatBlazor.csproj", "{51F09D6E-8E31-4688-A881-8E6154BF799C}"
EndProject
Project("{2150E333-8FDC-42A3-9474-1A3956D46DE8}") = "Tests", "Tests", "{50BC6485-276F-4CEF-9604-0C6F000E201A}"
EndProject
Project("{9A19103F-16F7-4668-BE54-9A1E7A4F7556}") = "SoloX.BlazorLayout.UTest", "src\tests\SoloX.BlazorLayout.UTest\SoloX.BlazorLayout.UTest.csproj", "{06FCD8B0-E9D5-4EC0-BFA4-FF7F99E0604E}"
EndProject
Project("{2150E333-8FDC-42A3-9474-1A3956D46DE8}") = "Documents", "Documents", "{68191D1A-36F7-4962-8299-EA2914E3F700}"
	ProjectSection(SolutionItems) = preProject
		coverlet.runsettings = coverlet.runsettings
		LICENSE = LICENSE
		README.md = README.md
		src\SharedProperties.props = src\SharedProperties.props
	EndProjectSection
EndProject
Project("{2150E333-8FDC-42A3-9474-1A3956D46DE8}") = "Build", "Build", "{4EAF62FF-23D4-4514-BE4A-80287BEB004E}"
	ProjectSection(SolutionItems) = preProject
		.github\workflows\build-ci.yml = .github\workflows\build-ci.yml
		.github\workflows\build-pr.yml = .github\workflows\build-pr.yml
	EndProjectSection
EndProject
Project("{9A19103F-16F7-4668-BE54-9A1E7A4F7556}") = "SoloX.BlazorLayout.Examples.WithBlazorise", "src\examples\SoloX.BlazorLayout.Examples.WithBlazorise\SoloX.BlazorLayout.Examples.WithBlazorise.csproj", "{B3F22C7F-7BCD-45B3-8D56-E2435A2560CD}"
EndProject
Global
	GlobalSection(SolutionConfigurationPlatforms) = preSolution
		Debug|Any CPU = Debug|Any CPU
		Release|Any CPU = Release|Any CPU
	EndGlobalSection
	GlobalSection(ProjectConfigurationPlatforms) = postSolution
		{C350D493-D7F2-4521-A309-B318617304BF}.Debug|Any CPU.ActiveCfg = Debug|Any CPU
		{C350D493-D7F2-4521-A309-B318617304BF}.Debug|Any CPU.Build.0 = Debug|Any CPU
		{C350D493-D7F2-4521-A309-B318617304BF}.Release|Any CPU.ActiveCfg = Release|Any CPU
		{C350D493-D7F2-4521-A309-B318617304BF}.Release|Any CPU.Build.0 = Release|Any CPU
		{51F09D6E-8E31-4688-A881-8E6154BF799C}.Debug|Any CPU.ActiveCfg = Debug|Any CPU
		{51F09D6E-8E31-4688-A881-8E6154BF799C}.Debug|Any CPU.Build.0 = Debug|Any CPU
		{51F09D6E-8E31-4688-A881-8E6154BF799C}.Release|Any CPU.ActiveCfg = Release|Any CPU
		{51F09D6E-8E31-4688-A881-8E6154BF799C}.Release|Any CPU.Build.0 = Release|Any CPU
		{06FCD8B0-E9D5-4EC0-BFA4-FF7F99E0604E}.Debug|Any CPU.ActiveCfg = Debug|Any CPU
		{06FCD8B0-E9D5-4EC0-BFA4-FF7F99E0604E}.Debug|Any CPU.Build.0 = Debug|Any CPU
		{06FCD8B0-E9D5-4EC0-BFA4-FF7F99E0604E}.Release|Any CPU.ActiveCfg = Release|Any CPU
		{06FCD8B0-E9D5-4EC0-BFA4-FF7F99E0604E}.Release|Any CPU.Build.0 = Release|Any CPU
		{B3F22C7F-7BCD-45B3-8D56-E2435A2560CD}.Debug|Any CPU.ActiveCfg = Debug|Any CPU
		{B3F22C7F-7BCD-45B3-8D56-E2435A2560CD}.Debug|Any CPU.Build.0 = Debug|Any CPU
		{B3F22C7F-7BCD-45B3-8D56-E2435A2560CD}.Release|Any CPU.ActiveCfg = Release|Any CPU
		{B3F22C7F-7BCD-45B3-8D56-E2435A2560CD}.Release|Any CPU.Build.0 = Release|Any CPU
	EndGlobalSection
	GlobalSection(SolutionProperties) = preSolution
		HideSolutionNode = FALSE
	EndGlobalSection
	GlobalSection(NestedProjects) = preSolution
		{C350D493-D7F2-4521-A309-B318617304BF} = {16999F06-D4E3-421B-ACAC-FF0285EA14C4}
		{51F09D6E-8E31-4688-A881-8E6154BF799C} = {1AC39ACF-C5F1-4AE4-B4A2-A3CBDAC8B66C}
		{06FCD8B0-E9D5-4EC0-BFA4-FF7F99E0604E} = {50BC6485-276F-4CEF-9604-0C6F000E201A}
		{B3F22C7F-7BCD-45B3-8D56-E2435A2560CD} = {1AC39ACF-C5F1-4AE4-B4A2-A3CBDAC8B66C}
	EndGlobalSection
	GlobalSection(ExtensibilityGlobals) = postSolution
		SolutionGuid = {2C4A09E6-0A38-446C-A6F1-11F8032C38A6}
	EndGlobalSection
EndGlobal
